
Microsoft Visual Studio Solution File, Format Version 12.00
# Visual Studio Version 17
VisualStudioVersion = 17.5.002.0
MinimumVisualStudioVersion = 10.0.40219.1
Project("{9A19103F-16F7-4668-BE54-9A1E7A4F7556}") = "FileFileInfoAndIOException", "FileFileInfoAndIOException.csproj", "{82456395-F437-4167-BEFA-55F4279A6693}"
EndProject
Global
	GlobalSection(SolutionConfigurationPlatforms) = preSolution
		Debug|Any CPU = Debug|Any CPU
		Release|Any CPU = Release|Any CPU
	EndGlobalSection
	GlobalSection(ProjectConfigurationPlatforms) = postSolution
		{82456395-F437-4167-BEFA-55F4279A6693}.Debug|Any CPU.ActiveCfg = Debug|Any CPU
		{82456395-F437-4167-BEFA-55F4279A6693}.Debug|Any CPU.Build.0 = Debug|Any CPU
		{82456395-F437-4167-BEFA-55F4279A6693}.Release|Any CPU.ActiveCfg = Release|Any CPU
		{82456395-F437-4167-BEFA-55F4279A6693}.Release|Any CPU.Build.0 = Release|Any CPU
	EndGlobalSection
	GlobalSection(SolutionProperties) = preSolution
		HideSolutionNode = FALSE
	EndGlobalSection
	GlobalSection(ExtensibilityGlobals) = postSolution
		SolutionGuid = {9CB91F24-FDF4-460D-AD0C-6AAABE1703CE}
	EndGlobalSection
EndGlobal
