
Microsoft Visual Studio Solution File, Format Version 12.00
# Visual Studio Version 17
VisualStudioVersion = 17.5.002.0
MinimumVisualStudioVersion = 10.0.40219.1
Project("{9A19103F-16F7-4668-BE54-9A1E7A4F7556}") = "UsingBlock", "UsingBlock.csproj", "{3AAFAFDF-9294-48AF-9A73-3E1EA53E1702}"
EndProject
Global
	GlobalSection(SolutionConfigurationPlatforms) = preSolution
		Debug|Any CPU = Debug|Any CPU
		Release|Any CPU = Release|Any CPU
	EndGlobalSection
	GlobalSection(ProjectConfigurationPlatforms) = postSolution
		{3AAFAFDF-9294-48AF-9A73-3E1EA53E1702}.Debug|Any CPU.ActiveCfg = Debug|Any CPU
		{3AAFAFDF-9294-48AF-9A73-3E1EA53E1702}.Debug|Any CPU.Build.0 = Debug|Any CPU
		{3AAFAFDF-9294-48AF-9A73-3E1EA53E1702}.Release|Any CPU.ActiveCfg = Release|Any CPU
		{3AAFAFDF-9294-48AF-9A73-3E1EA53E1702}.Release|Any CPU.Build.0 = Release|Any CPU
	EndGlobalSection
	GlobalSection(SolutionProperties) = preSolution
		HideSolutionNode = FALSE
	EndGlobalSection
	GlobalSection(ExtensibilityGlobals) = postSolution
		SolutionGuid = {C294CAA2-4C9F-42EF-A224-BD36A56FE80B}
	EndGlobalSection
EndGlobal
