
Microsoft Visual Studio Solution File, Format Version 12.00
# Visual Studio Version 17
VisualStudioVersion = 17.5.001.0
MinimumVisualStudioVersion = 10.0.40219.1
Project("{9A19103F-16F7-4668-BE54-9A1E7A4F7556}") = "ExerciseLists", "ExerciseLists.csproj", "{432C29A2-EA43-4BF3-8206-5BF03513BA70}"
EndProject
Global
	GlobalSection(SolutionConfigurationPlatforms) = preSolution
		Debug|Any CPU = Debug|Any CPU
		Release|Any CPU = Release|Any CPU
	EndGlobalSection
	GlobalSection(ProjectConfigurationPlatforms) = postSolution
		{432C29A2-EA43-4BF3-8206-5BF03513BA70}.Debug|Any CPU.ActiveCfg = Debug|Any CPU
		{432C29A2-EA43-4BF3-8206-5BF03513BA70}.Debug|Any CPU.Build.0 = Debug|Any CPU
		{432C29A2-EA43-4BF3-8206-5BF03513BA70}.Release|Any CPU.ActiveCfg = Release|Any CPU
		{432C29A2-EA43-4BF3-8206-5BF03513BA70}.Release|Any CPU.Build.0 = Release|Any CPU
	EndGlobalSection
	GlobalSection(SolutionProperties) = preSolution
		HideSolutionNode = FALSE
	EndGlobalSection
	GlobalSection(ExtensibilityGlobals) = postSolution
		SolutionGuid = {78B1F76A-5552-4B86-8554-EAF6A4A19552}
	EndGlobalSection
EndGlobal
