
Microsoft Visual Studio Solution File, Format Version 12.00
# Visual Studio Version 17
VisualStudioVersion = 17.5.001.0
MinimumVisualStudioVersion = 10.0.40219.1
Project("{9A19103F-16F7-4668-BE54-9A1E7A4F7556}") = "ExerciseEnumerable", "ExerciseEnumerable.csproj", "{AA79ADF6-B6BE-4770-9668-5B83B38B3A6E}"
EndProject
Global
	GlobalSection(SolutionConfigurationPlatforms) = preSolution
		Debug|Any CPU = Debug|Any CPU
		Release|Any CPU = Release|Any CPU
	EndGlobalSection
	GlobalSection(ProjectConfigurationPlatforms) = postSolution
		{AA79ADF6-B6BE-4770-9668-5B83B38B3A6E}.Debug|Any CPU.ActiveCfg = Debug|Any CPU
		{AA79ADF6-B6BE-4770-9668-5B83B38B3A6E}.Debug|Any CPU.Build.0 = Debug|Any CPU
		{AA79ADF6-B6BE-4770-9668-5B83B38B3A6E}.Release|Any CPU.ActiveCfg = Release|Any CPU
		{AA79ADF6-B6BE-4770-9668-5B83B38B3A6E}.Release|Any CPU.Build.0 = Release|Any CPU
	EndGlobalSection
	GlobalSection(SolutionProperties) = preSolution
		HideSolutionNode = FALSE
	EndGlobalSection
	GlobalSection(ExtensibilityGlobals) = postSolution
		SolutionGuid = {CC61955A-AEC3-4FED-A03B-E19A055BB033}
	EndGlobalSection
EndGlobal
